
Microsoft Visual Studio Solution File, Format Version 12.00
# Visual Studio Version 17
VisualStudioVersion = 17.11.35219.272
MinimumVisualStudioVersion = 10.0.40219.1
Project("{FAE04EC0-301F-11D3-BF4B-00C04F79EFBC}") = "diplom", "diplom.csproj", "{6493393E-EE3E-4548-A681-BB5DB6BE5AFB}"
EndProject
Global
	GlobalSection(SolutionConfigurationPlatforms) = preSolution
		Debug|Any CPU = Debug|Any CPU
		Release|Any CPU = Release|Any CPU
	EndGlobalSection
	GlobalSection(ProjectConfigurationPlatforms) = postSolution
		{6493393E-EE3E-4548-A681-BB5DB6BE5AFB}.Debug|Any CPU.ActiveCfg = Debug|Any CPU
		{6493393E-EE3E-4548-A681-BB5DB6BE5AFB}.Debug|Any CPU.Build.0 = Debug|Any CPU
		{6493393E-EE3E-4548-A681-BB5DB6BE5AFB}.Release|Any CPU.ActiveCfg = Release|Any CPU
		{6493393E-EE3E-4548-A681-BB5DB6BE5AFB}.Release|Any CPU.Build.0 = Release|Any CPU
	EndGlobalSection
	GlobalSection(SolutionProperties) = preSolution
		HideSolutionNode = FALSE
	EndGlobalSection
	GlobalSection(ExtensibilityGlobals) = postSolution
		SolutionGuid = {65565961-277A-414D-B12B-654A63D7CD41}
	EndGlobalSection
EndGlobal
